
Microsoft Visual Studio Solution File, Format Version 12.00
# Visual Studio Version 16
VisualStudioVersion = 16.0.30204.135
MinimumVisualStudioVersion = 10.0.40219.1
Project("{FAE04EC0-301F-11D3-BF4B-00C04F79EFBC}") = "Module04_TP01.UWP", "Module04_TP01\Module04_TP01.UWP\Module04_TP01.UWP.csproj", "{72FAE6F4-8B66-4BE3-B62F-C00E8BFEEB2D}"
EndProject
Project("{FAE04EC0-301F-11D3-BF4B-00C04F79EFBC}") = "Module04_TP01.Android", "Module04_TP01\Module04_TP01.Android\Module04_TP01.Android.csproj", "{76B2B7F7-7360-4422-A72D-A78EAD8558B9}"
EndProject
Project("{FAE04EC0-301F-11D3-BF4B-00C04F79EFBC}") = "Module04_TP01.iOS", "Module04_TP01\Module04_TP01.iOS\Module04_TP01.iOS.csproj", "{C105DC5F-06C2-4C07-AC2C-10D43CD9A4C9}"
EndProject
Project("{9A19103F-16F7-4668-BE54-9A1E7A4F7556}") = "Module04_TP01", "Module04_TP01\Module04_TP01\Module04_TP01.csproj", "{5C00D7CD-B180-4F8B-A3FB-8106A2824633}"
EndProject
Project("{9A19103F-16F7-4668-BE54-9A1E7A4F7556}") = "Tp2", "Module06_TP01_Bis\Tp2\Tp2.csproj", "{8CF9E918-C828-46EA-9E7C-FC47905F94C3}"
EndProject
Project("{FAE04EC0-301F-11D3-BF4B-00C04F79EFBC}") = "Tp2.UWP", "Module06_TP01_Bis\Tp2.UWP\Tp2.UWP.csproj", "{32F42488-D3FE-47C7-BA01-2F504467D777}"
EndProject
Project("{9A19103F-16F7-4668-BE54-9A1E7A4F7556}") = "Tp3", "Module07_TP01\Tp3\Tp3.csproj", "{0EB587B4-9328-418C-89CD-8E8E39C4E047}"
EndProject
Project("{FAE04EC0-301F-11D3-BF4B-00C04F79EFBC}") = "Tp3.UWP", "Module07_TP01\Tp3.UWP\Tp3.UWP.csproj", "{C2F77A58-FEB8-4BCC-A925-883EB22B2CF0}"
EndProject
Project("{9A19103F-16F7-4668-BE54-9A1E7A4F7556}") = "Tp4", "Module08_TP01\Tp4\Tp4.csproj", "{ECA0190E-36B9-4D39-A80F-E79B4CE9C894}"
EndProject
Project("{FAE04EC0-301F-11D3-BF4B-00C04F79EFBC}") = "Tp4.UWP", "Module08_TP01\Tp4.UWP\Tp4.UWP.csproj", "{B399DA57-48F5-49F3-982C-5873A1FBDED4}"
EndProject
Global
	GlobalSection(SolutionConfigurationPlatforms) = preSolution
		Debug|Any CPU = Debug|Any CPU
		Debug|ARM = Debug|ARM
		Debug|iPhone = Debug|iPhone
		Debug|iPhoneSimulator = Debug|iPhoneSimulator
		Debug|x64 = Debug|x64
		Debug|x86 = Debug|x86
		Release|Any CPU = Release|Any CPU
		Release|ARM = Release|ARM
		Release|iPhone = Release|iPhone
		Release|iPhoneSimulator = Release|iPhoneSimulator
		Release|x64 = Release|x64
		Release|x86 = Release|x86
	EndGlobalSection
	GlobalSection(ProjectConfigurationPlatforms) = postSolution
		{72FAE6F4-8B66-4BE3-B62F-C00E8BFEEB2D}.Debug|Any CPU.ActiveCfg = Debug|x86
		{72FAE6F4-8B66-4BE3-B62F-C00E8BFEEB2D}.Debug|ARM.ActiveCfg = Debug|ARM
		{72FAE6F4-8B66-4BE3-B62F-C00E8BFEEB2D}.Debug|ARM.Build.0 = Debug|ARM
		{72FAE6F4-8B66-4BE3-B62F-C00E8BFEEB2D}.Debug|ARM.Deploy.0 = Debug|ARM
		{72FAE6F4-8B66-4BE3-B62F-C00E8BFEEB2D}.Debug|iPhone.ActiveCfg = Debug|x86
		{72FAE6F4-8B66-4BE3-B62F-C00E8BFEEB2D}.Debug|iPhoneSimulator.ActiveCfg = Debug|x86
		{72FAE6F4-8B66-4BE3-B62F-C00E8BFEEB2D}.Debug|x64.ActiveCfg = Debug|x64
		{72FAE6F4-8B66-4BE3-B62F-C00E8BFEEB2D}.Debug|x64.Build.0 = Debug|x64
		{72FAE6F4-8B66-4BE3-B62F-C00E8BFEEB2D}.Debug|x64.Deploy.0 = Debug|x64
		{72FAE6F4-8B66-4BE3-B62F-C00E8BFEEB2D}.Debug|x86.ActiveCfg = Debug|x86
		{72FAE6F4-8B66-4BE3-B62F-C00E8BFEEB2D}.Debug|x86.Build.0 = Debug|x86
		{72FAE6F4-8B66-4BE3-B62F-C00E8BFEEB2D}.Debug|x86.Deploy.0 = Debug|x86
		{72FAE6F4-8B66-4BE3-B62F-C00E8BFEEB2D}.Release|Any CPU.ActiveCfg = Release|x86
		{72FAE6F4-8B66-4BE3-B62F-C00E8BFEEB2D}.Release|ARM.ActiveCfg = Release|ARM
		{72FAE6F4-8B66-4BE3-B62F-C00E8BFEEB2D}.Release|ARM.Build.0 = Release|ARM
		{72FAE6F4-8B66-4BE3-B62F-C00E8BFEEB2D}.Release|ARM.Deploy.0 = Release|ARM
		{72FAE6F4-8B66-4BE3-B62F-C00E8BFEEB2D}.Release|iPhone.ActiveCfg = Release|x86
		{72FAE6F4-8B66-4BE3-B62F-C00E8BFEEB2D}.Release|iPhoneSimulator.ActiveCfg = Release|x86
		{72FAE6F4-8B66-4BE3-B62F-C00E8BFEEB2D}.Release|x64.ActiveCfg = Release|x64
		{72FAE6F4-8B66-4BE3-B62F-C00E8BFEEB2D}.Release|x64.Build.0 = Release|x64
		{72FAE6F4-8B66-4BE3-B62F-C00E8BFEEB2D}.Release|x64.Deploy.0 = Release|x64
		{72FAE6F4-8B66-4BE3-B62F-C00E8BFEEB2D}.Release|x86.ActiveCfg = Release|x86
		{72FAE6F4-8B66-4BE3-B62F-C00E8BFEEB2D}.Release|x86.Build.0 = Release|x86
		{72FAE6F4-8B66-4BE3-B62F-C00E8BFEEB2D}.Release|x86.Deploy.0 = Release|x86
		{76B2B7F7-7360-4422-A72D-A78EAD8558B9}.Debug|Any CPU.ActiveCfg = Debug|Any CPU
		{76B2B7F7-7360-4422-A72D-A78EAD8558B9}.Debug|Any CPU.Build.0 = Debug|Any CPU
		{76B2B7F7-7360-4422-A72D-A78EAD8558B9}.Debug|Any CPU.Deploy.0 = Debug|Any CPU
		{76B2B7F7-7360-4422-A72D-A78EAD8558B9}.Debug|ARM.ActiveCfg = Debug|Any CPU
		{76B2B7F7-7360-4422-A72D-A78EAD8558B9}.Debug|ARM.Build.0 = Debug|Any CPU
		{76B2B7F7-7360-4422-A72D-A78EAD8558B9}.Debug|ARM.Deploy.0 = Debug|Any CPU
		{76B2B7F7-7360-4422-A72D-A78EAD8558B9}.Debug|iPhone.ActiveCfg = Debug|Any CPU
		{76B2B7F7-7360-4422-A72D-A78EAD8558B9}.Debug|iPhone.Build.0 = Debug|Any CPU
		{76B2B7F7-7360-4422-A72D-A78EAD8558B9}.Debug|iPhone.Deploy.0 = Debug|Any CPU
		{76B2B7F7-7360-4422-A72D-A78EAD8558B9}.Debug|iPhoneSimulator.ActiveCfg = Debug|Any CPU
		{76B2B7F7-7360-4422-A72D-A78EAD8558B9}.Debug|iPhoneSimulator.Build.0 = Debug|Any CPU
		{76B2B7F7-7360-4422-A72D-A78EAD8558B9}.Debug|iPhoneSimulator.Deploy.0 = Debug|Any CPU
		{76B2B7F7-7360-4422-A72D-A78EAD8558B9}.Debug|x64.ActiveCfg = Debug|Any CPU
		{76B2B7F7-7360-4422-A72D-A78EAD8558B9}.Debug|x64.Build.0 = Debug|Any CPU
		{76B2B7F7-7360-4422-A72D-A78EAD8558B9}.Debug|x64.Deploy.0 = Debug|Any CPU
		{76B2B7F7-7360-4422-A72D-A78EAD8558B9}.Debug|x86.ActiveCfg = Debug|Any CPU
		{76B2B7F7-7360-4422-A72D-A78EAD8558B9}.Debug|x86.Build.0 = Debug|Any CPU
		{76B2B7F7-7360-4422-A72D-A78EAD8558B9}.Debug|x86.Deploy.0 = Debug|Any CPU
		{76B2B7F7-7360-4422-A72D-A78EAD8558B9}.Release|Any CPU.ActiveCfg = Release|Any CPU
		{76B2B7F7-7360-4422-A72D-A78EAD8558B9}.Release|Any CPU.Build.0 = Release|Any CPU
		{76B2B7F7-7360-4422-A72D-A78EAD8558B9}.Release|Any CPU.Deploy.0 = Release|Any CPU
		{76B2B7F7-7360-4422-A72D-A78EAD8558B9}.Release|ARM.ActiveCfg = Release|Any CPU
		{76B2B7F7-7360-4422-A72D-A78EAD8558B9}.Release|ARM.Build.0 = Release|Any CPU
		{76B2B7F7-7360-4422-A72D-A78EAD8558B9}.Release|ARM.Deploy.0 = Release|Any CPU
		{76B2B7F7-7360-4422-A72D-A78EAD8558B9}.Release|iPhone.ActiveCfg = Release|Any CPU
		{76B2B7F7-7360-4422-A72D-A78EAD8558B9}.Release|iPhone.Build.0 = Release|Any CPU
		{76B2B7F7-7360-4422-A72D-A78EAD8558B9}.Release|iPhone.Deploy.0 = Release|Any CPU
		{76B2B7F7-7360-4422-A72D-A78EAD8558B9}.Release|iPhoneSimulator.ActiveCfg = Release|Any CPU
		{76B2B7F7-7360-4422-A72D-A78EAD8558B9}.Release|iPhoneSimulator.Build.0 = Release|Any CPU
		{76B2B7F7-7360-4422-A72D-A78EAD8558B9}.Release|iPhoneSimulator.Deploy.0 = Release|Any CPU
		{76B2B7F7-7360-4422-A72D-A78EAD8558B9}.Release|x64.ActiveCfg = Release|Any CPU
		{76B2B7F7-7360-4422-A72D-A78EAD8558B9}.Release|x64.Build.0 = Release|Any CPU
		{76B2B7F7-7360-4422-A72D-A78EAD8558B9}.Release|x64.Deploy.0 = Release|Any CPU
		{76B2B7F7-7360-4422-A72D-A78EAD8558B9}.Release|x86.ActiveCfg = Release|Any CPU
		{76B2B7F7-7360-4422-A72D-A78EAD8558B9}.Release|x86.Build.0 = Release|Any CPU
		{76B2B7F7-7360-4422-A72D-A78EAD8558B9}.Release|x86.Deploy.0 = Release|Any CPU
		{C105DC5F-06C2-4C07-AC2C-10D43CD9A4C9}.Debug|Any CPU.ActiveCfg = Debug|iPhone
		{C105DC5F-06C2-4C07-AC2C-10D43CD9A4C9}.Debug|ARM.ActiveCfg = Debug|iPhone
		{C105DC5F-06C2-4C07-AC2C-10D43CD9A4C9}.Debug|iPhone.ActiveCfg = Debug|iPhone
		{C105DC5F-06C2-4C07-AC2C-10D43CD9A4C9}.Debug|iPhone.Build.0 = Debug|iPhone
		{C105DC5F-06C2-4C07-AC2C-10D43CD9A4C9}.Debug|iPhoneSimulator.ActiveCfg = Debug|iPhoneSimulator
		{C105DC5F-06C2-4C07-AC2C-10D43CD9A4C9}.Debug|iPhoneSimulator.Build.0 = Debug|iPhoneSimulator
		{C105DC5F-06C2-4C07-AC2C-10D43CD9A4C9}.Debug|x64.ActiveCfg = Debug|iPhone
		{C105DC5F-06C2-4C07-AC2C-10D43CD9A4C9}.Debug|x86.ActiveCfg = Debug|iPhone
		{C105DC5F-06C2-4C07-AC2C-10D43CD9A4C9}.Release|Any CPU.ActiveCfg = Release|iPhone
		{C105DC5F-06C2-4C07-AC2C-10D43CD9A4C9}.Release|ARM.ActiveCfg = Release|iPhone
		{C105DC5F-06C2-4C07-AC2C-10D43CD9A4C9}.Release|iPhone.ActiveCfg = Release|iPhone
		{C105DC5F-06C2-4C07-AC2C-10D43CD9A4C9}.Release|iPhone.Build.0 = Release|iPhone
		{C105DC5F-06C2-4C07-AC2C-10D43CD9A4C9}.Release|iPhoneSimulator.ActiveCfg = Release|iPhoneSimulator
		{C105DC5F-06C2-4C07-AC2C-10D43CD9A4C9}.Release|iPhoneSimulator.Build.0 = Release|iPhoneSimulator
		{C105DC5F-06C2-4C07-AC2C-10D43CD9A4C9}.Release|x64.ActiveCfg = Release|iPhone
		{C105DC5F-06C2-4C07-AC2C-10D43CD9A4C9}.Release|x86.ActiveCfg = Release|iPhone
		{5C00D7CD-B180-4F8B-A3FB-8106A2824633}.Debug|Any CPU.ActiveCfg = Debug|Any CPU
		{5C00D7CD-B180-4F8B-A3FB-8106A2824633}.Debug|Any CPU.Build.0 = Debug|Any CPU
		{5C00D7CD-B180-4F8B-A3FB-8106A2824633}.Debug|ARM.ActiveCfg = Debug|Any CPU
		{5C00D7CD-B180-4F8B-A3FB-8106A2824633}.Debug|ARM.Build.0 = Debug|Any CPU
		{5C00D7CD-B180-4F8B-A3FB-8106A2824633}.Debug|iPhone.ActiveCfg = Debug|Any CPU
		{5C00D7CD-B180-4F8B-A3FB-8106A2824633}.Debug|iPhone.Build.0 = Debug|Any CPU
		{5C00D7CD-B180-4F8B-A3FB-8106A2824633}.Debug|iPhoneSimulator.ActiveCfg = Debug|Any CPU
		{5C00D7CD-B180-4F8B-A3FB-8106A2824633}.Debug|iPhoneSimulator.Build.0 = Debug|Any CPU
		{5C00D7CD-B180-4F8B-A3FB-8106A2824633}.Debug|x64.ActiveCfg = Debug|Any CPU
		{5C00D7CD-B180-4F8B-A3FB-8106A2824633}.Debug|x64.Build.0 = Debug|Any CPU
		{5C00D7CD-B180-4F8B-A3FB-8106A2824633}.Debug|x86.ActiveCfg = Debug|Any CPU
		{5C00D7CD-B180-4F8B-A3FB-8106A2824633}.Debug|x86.Build.0 = Debug|Any CPU
		{5C00D7CD-B180-4F8B-A3FB-8106A2824633}.Release|Any CPU.ActiveCfg = Release|Any CPU
		{5C00D7CD-B180-4F8B-A3FB-8106A2824633}.Release|Any CPU.Build.0 = Release|Any CPU
		{5C00D7CD-B180-4F8B-A3FB-8106A2824633}.Release|ARM.ActiveCfg = Release|Any CPU
		{5C00D7CD-B180-4F8B-A3FB-8106A2824633}.Release|ARM.Build.0 = Release|Any CPU
		{5C00D7CD-B180-4F8B-A3FB-8106A2824633}.Release|iPhone.ActiveCfg = Release|Any CPU
		{5C00D7CD-B180-4F8B-A3FB-8106A2824633}.Release|iPhone.Build.0 = Release|Any CPU
		{5C00D7CD-B180-4F8B-A3FB-8106A2824633}.Release|iPhoneSimulator.ActiveCfg = Release|Any CPU
		{5C00D7CD-B180-4F8B-A3FB-8106A2824633}.Release|iPhoneSimulator.Build.0 = Release|Any CPU
		{5C00D7CD-B180-4F8B-A3FB-8106A2824633}.Release|x64.ActiveCfg = Release|Any CPU
		{5C00D7CD-B180-4F8B-A3FB-8106A2824633}.Release|x64.Build.0 = Release|Any CPU
		{5C00D7CD-B180-4F8B-A3FB-8106A2824633}.Release|x86.ActiveCfg = Release|Any CPU
		{5C00D7CD-B180-4F8B-A3FB-8106A2824633}.Release|x86.Build.0 = Release|Any CPU
		{8CF9E918-C828-46EA-9E7C-FC47905F94C3}.Debug|Any CPU.ActiveCfg = Debug|Any CPU
		{8CF9E918-C828-46EA-9E7C-FC47905F94C3}.Debug|Any CPU.Build.0 = Debug|Any CPU
		{8CF9E918-C828-46EA-9E7C-FC47905F94C3}.Debug|ARM.ActiveCfg = Debug|Any CPU
		{8CF9E918-C828-46EA-9E7C-FC47905F94C3}.Debug|ARM.Build.0 = Debug|Any CPU
		{8CF9E918-C828-46EA-9E7C-FC47905F94C3}.Debug|iPhone.ActiveCfg = Debug|Any CPU
		{8CF9E918-C828-46EA-9E7C-FC47905F94C3}.Debug|iPhone.Build.0 = Debug|Any CPU
		{8CF9E918-C828-46EA-9E7C-FC47905F94C3}.Debug|iPhoneSimulator.ActiveCfg = Debug|Any CPU
		{8CF9E918-C828-46EA-9E7C-FC47905F94C3}.Debug|iPhoneSimulator.Build.0 = Debug|Any CPU
		{8CF9E918-C828-46EA-9E7C-FC47905F94C3}.Debug|x64.ActiveCfg = Debug|Any CPU
		{8CF9E918-C828-46EA-9E7C-FC47905F94C3}.Debug|x64.Build.0 = Debug|Any CPU
		{8CF9E918-C828-46EA-9E7C-FC47905F94C3}.Debug|x86.ActiveCfg = Debug|Any CPU
		{8CF9E918-C828-46EA-9E7C-FC47905F94C3}.Debug|x86.Build.0 = Debug|Any CPU
		{8CF9E918-C828-46EA-9E7C-FC47905F94C3}.Release|Any CPU.ActiveCfg = Release|Any CPU
		{8CF9E918-C828-46EA-9E7C-FC47905F94C3}.Release|Any CPU.Build.0 = Release|Any CPU
		{8CF9E918-C828-46EA-9E7C-FC47905F94C3}.Release|ARM.ActiveCfg = Release|Any CPU
		{8CF9E918-C828-46EA-9E7C-FC47905F94C3}.Release|ARM.Build.0 = Release|Any CPU
		{8CF9E918-C828-46EA-9E7C-FC47905F94C3}.Release|iPhone.ActiveCfg = Release|Any CPU
		{8CF9E918-C828-46EA-9E7C-FC47905F94C3}.Release|iPhone.Build.0 = Release|Any CPU
		{8CF9E918-C828-46EA-9E7C-FC47905F94C3}.Release|iPhoneSimulator.ActiveCfg = Release|Any CPU
		{8CF9E918-C828-46EA-9E7C-FC47905F94C3}.Release|iPhoneSimulator.Build.0 = Release|Any CPU
		{8CF9E918-C828-46EA-9E7C-FC47905F94C3}.Release|x64.ActiveCfg = Release|Any CPU
		{8CF9E918-C828-46EA-9E7C-FC47905F94C3}.Release|x64.Build.0 = Release|Any CPU
		{8CF9E918-C828-46EA-9E7C-FC47905F94C3}.Release|x86.ActiveCfg = Release|Any CPU
		{8CF9E918-C828-46EA-9E7C-FC47905F94C3}.Release|x86.Build.0 = Release|Any CPU
		{32F42488-D3FE-47C7-BA01-2F504467D777}.Debug|Any CPU.ActiveCfg = Debug|x86
		{32F42488-D3FE-47C7-BA01-2F504467D777}.Debug|ARM.ActiveCfg = Debug|ARM
		{32F42488-D3FE-47C7-BA01-2F504467D777}.Debug|ARM.Build.0 = Debug|ARM
		{32F42488-D3FE-47C7-BA01-2F504467D777}.Debug|ARM.Deploy.0 = Debug|ARM
		{32F42488-D3FE-47C7-BA01-2F504467D777}.Debug|iPhone.ActiveCfg = Debug|x86
		{32F42488-D3FE-47C7-BA01-2F504467D777}.Debug|iPhoneSimulator.ActiveCfg = Debug|x86
		{32F42488-D3FE-47C7-BA01-2F504467D777}.Debug|x64.ActiveCfg = Debug|x64
		{32F42488-D3FE-47C7-BA01-2F504467D777}.Debug|x64.Build.0 = Debug|x64
		{32F42488-D3FE-47C7-BA01-2F504467D777}.Debug|x64.Deploy.0 = Debug|x64
		{32F42488-D3FE-47C7-BA01-2F504467D777}.Debug|x86.ActiveCfg = Debug|x86
		{32F42488-D3FE-47C7-BA01-2F504467D777}.Debug|x86.Build.0 = Debug|x86
		{32F42488-D3FE-47C7-BA01-2F504467D777}.Debug|x86.Deploy.0 = Debug|x86
		{32F42488-D3FE-47C7-BA01-2F504467D777}.Release|Any CPU.ActiveCfg = Release|x86
		{32F42488-D3FE-47C7-BA01-2F504467D777}.Release|ARM.ActiveCfg = Release|ARM
		{32F42488-D3FE-47C7-BA01-2F504467D777}.Release|ARM.Build.0 = Release|ARM
		{32F42488-D3FE-47C7-BA01-2F504467D777}.Release|ARM.Deploy.0 = Release|ARM
		{32F42488-D3FE-47C7-BA01-2F504467D777}.Release|iPhone.ActiveCfg = Release|x86
		{32F42488-D3FE-47C7-BA01-2F504467D777}.Release|iPhoneSimulator.ActiveCfg = Release|x86
		{32F42488-D3FE-47C7-BA01-2F504467D777}.Release|x64.ActiveCfg = Release|x64
		{32F42488-D3FE-47C7-BA01-2F504467D777}.Release|x64.Build.0 = Release|x64
		{32F42488-D3FE-47C7-BA01-2F504467D777}.Release|x64.Deploy.0 = Release|x64
		{32F42488-D3FE-47C7-BA01-2F504467D777}.Release|x86.ActiveCfg = Release|x86
		{32F42488-D3FE-47C7-BA01-2F504467D777}.Release|x86.Build.0 = Release|x86
		{32F42488-D3FE-47C7-BA01-2F504467D777}.Release|x86.Deploy.0 = Release|x86
		{0EB587B4-9328-418C-89CD-8E8E39C4E047}.Debug|Any CPU.ActiveCfg = Debug|Any CPU
		{0EB587B4-9328-418C-89CD-8E8E39C4E047}.Debug|Any CPU.Build.0 = Debug|Any CPU
		{0EB587B4-9328-418C-89CD-8E8E39C4E047}.Debug|ARM.ActiveCfg = Debug|Any CPU
		{0EB587B4-9328-418C-89CD-8E8E39C4E047}.Debug|ARM.Build.0 = Debug|Any CPU
		{0EB587B4-9328-418C-89CD-8E8E39C4E047}.Debug|iPhone.ActiveCfg = Debug|Any CPU
		{0EB587B4-9328-418C-89CD-8E8E39C4E047}.Debug|iPhone.Build.0 = Debug|Any CPU
		{0EB587B4-9328-418C-89CD-8E8E39C4E047}.Debug|iPhoneSimulator.ActiveCfg = Debug|Any CPU
		{0EB587B4-9328-418C-89CD-8E8E39C4E047}.Debug|iPhoneSimulator.Build.0 = Debug|Any CPU
		{0EB587B4-9328-418C-89CD-8E8E39C4E047}.Debug|x64.ActiveCfg = Debug|Any CPU
		{0EB587B4-9328-418C-89CD-8E8E39C4E047}.Debug|x64.Build.0 = Debug|Any CPU
		{0EB587B4-9328-418C-89CD-8E8E39C4E047}.Debug|x86.ActiveCfg = Debug|Any CPU
		{0EB587B4-9328-418C-89CD-8E8E39C4E047}.Debug|x86.Build.0 = Debug|Any CPU
		{0EB587B4-9328-418C-89CD-8E8E39C4E047}.Release|Any CPU.ActiveCfg = Release|Any CPU
		{0EB587B4-9328-418C-89CD-8E8E39C4E047}.Release|Any CPU.Build.0 = Release|Any CPU
		{0EB587B4-9328-418C-89CD-8E8E39C4E047}.Release|ARM.ActiveCfg = Release|Any CPU
		{0EB587B4-9328-418C-89CD-8E8E39C4E047}.Release|ARM.Build.0 = Release|Any CPU
		{0EB587B4-9328-418C-89CD-8E8E39C4E047}.Release|iPhone.ActiveCfg = Release|Any CPU
		{0EB587B4-9328-418C-89CD-8E8E39C4E047}.Release|iPhone.Build.0 = Release|Any CPU
		{0EB587B4-9328-418C-89CD-8E8E39C4E047}.Release|iPhoneSimulator.ActiveCfg = Release|Any CPU
		{0EB587B4-9328-418C-89CD-8E8E39C4E047}.Release|iPhoneSimulator.Build.0 = Release|Any CPU
		{0EB587B4-9328-418C-89CD-8E8E39C4E047}.Release|x64.ActiveCfg = Release|Any CPU
		{0EB587B4-9328-418C-89CD-8E8E39C4E047}.Release|x64.Build.0 = Release|Any CPU
		{0EB587B4-9328-418C-89CD-8E8E39C4E047}.Release|x86.ActiveCfg = Release|Any CPU
		{0EB587B4-9328-418C-89CD-8E8E39C4E047}.Release|x86.Build.0 = Release|Any CPU
		{C2F77A58-FEB8-4BCC-A925-883EB22B2CF0}.Debug|Any CPU.ActiveCfg = Debug|x86
		{C2F77A58-FEB8-4BCC-A925-883EB22B2CF0}.Debug|ARM.ActiveCfg = Debug|ARM
		{C2F77A58-FEB8-4BCC-A925-883EB22B2CF0}.Debug|ARM.Build.0 = Debug|ARM
		{C2F77A58-FEB8-4BCC-A925-883EB22B2CF0}.Debug|ARM.Deploy.0 = Debug|ARM
		{C2F77A58-FEB8-4BCC-A925-883EB22B2CF0}.Debug|iPhone.ActiveCfg = Debug|x86
		{C2F77A58-FEB8-4BCC-A925-883EB22B2CF0}.Debug|iPhoneSimulator.ActiveCfg = Debug|x86
		{C2F77A58-FEB8-4BCC-A925-883EB22B2CF0}.Debug|x64.ActiveCfg = Debug|x64
		{C2F77A58-FEB8-4BCC-A925-883EB22B2CF0}.Debug|x64.Build.0 = Debug|x64
		{C2F77A58-FEB8-4BCC-A925-883EB22B2CF0}.Debug|x64.Deploy.0 = Debug|x64
		{C2F77A58-FEB8-4BCC-A925-883EB22B2CF0}.Debug|x86.ActiveCfg = Debug|x86
		{C2F77A58-FEB8-4BCC-A925-883EB22B2CF0}.Debug|x86.Build.0 = Debug|x86
		{C2F77A58-FEB8-4BCC-A925-883EB22B2CF0}.Debug|x86.Deploy.0 = Debug|x86
		{C2F77A58-FEB8-4BCC-A925-883EB22B2CF0}.Release|Any CPU.ActiveCfg = Release|x86
		{C2F77A58-FEB8-4BCC-A925-883EB22B2CF0}.Release|ARM.ActiveCfg = Release|ARM
		{C2F77A58-FEB8-4BCC-A925-883EB22B2CF0}.Release|ARM.Build.0 = Release|ARM
		{C2F77A58-FEB8-4BCC-A925-883EB22B2CF0}.Release|ARM.Deploy.0 = Release|ARM
		{C2F77A58-FEB8-4BCC-A925-883EB22B2CF0}.Release|iPhone.ActiveCfg = Release|x86
		{C2F77A58-FEB8-4BCC-A925-883EB22B2CF0}.Release|iPhoneSimulator.ActiveCfg = Release|x86
		{C2F77A58-FEB8-4BCC-A925-883EB22B2CF0}.Release|x64.ActiveCfg = Release|x64
		{C2F77A58-FEB8-4BCC-A925-883EB22B2CF0}.Release|x64.Build.0 = Release|x64
		{C2F77A58-FEB8-4BCC-A925-883EB22B2CF0}.Release|x64.Deploy.0 = Release|x64
		{C2F77A58-FEB8-4BCC-A925-883EB22B2CF0}.Release|x86.ActiveCfg = Release|x86
		{C2F77A58-FEB8-4BCC-A925-883EB22B2CF0}.Release|x86.Build.0 = Release|x86
		{C2F77A58-FEB8-4BCC-A925-883EB22B2CF0}.Release|x86.Deploy.0 = Release|x86
		{ECA0190E-36B9-4D39-A80F-E79B4CE9C894}.Debug|Any CPU.ActiveCfg = Debug|Any CPU
		{ECA0190E-36B9-4D39-A80F-E79B4CE9C894}.Debug|Any CPU.Build.0 = Debug|Any CPU
		{ECA0190E-36B9-4D39-A80F-E79B4CE9C894}.Debug|ARM.ActiveCfg = Debug|Any CPU
		{ECA0190E-36B9-4D39-A80F-E79B4CE9C894}.Debug|ARM.Build.0 = Debug|Any CPU
		{ECA0190E-36B9-4D39-A80F-E79B4CE9C894}.Debug|iPhone.ActiveCfg = Debug|Any CPU
		{ECA0190E-36B9-4D39-A80F-E79B4CE9C894}.Debug|iPhone.Build.0 = Debug|Any CPU
		{ECA0190E-36B9-4D39-A80F-E79B4CE9C894}.Debug|iPhoneSimulator.ActiveCfg = Debug|Any CPU
		{ECA0190E-36B9-4D39-A80F-E79B4CE9C894}.Debug|iPhoneSimulator.Build.0 = Debug|Any CPU
		{ECA0190E-36B9-4D39-A80F-E79B4CE9C894}.Debug|x64.ActiveCfg = Debug|Any CPU
		{ECA0190E-36B9-4D39-A80F-E79B4CE9C894}.Debug|x64.Build.0 = Debug|Any CPU
		{ECA0190E-36B9-4D39-A80F-E79B4CE9C894}.Debug|x86.ActiveCfg = Debug|Any CPU
		{ECA0190E-36B9-4D39-A80F-E79B4CE9C894}.Debug|x86.Build.0 = Debug|Any CPU
		{ECA0190E-36B9-4D39-A80F-E79B4CE9C894}.Release|Any CPU.ActiveCfg = Release|Any CPU
		{ECA0190E-36B9-4D39-A80F-E79B4CE9C894}.Release|Any CPU.Build.0 = Release|Any CPU
		{ECA0190E-36B9-4D39-A80F-E79B4CE9C894}.Release|ARM.ActiveCfg = Release|Any CPU
		{ECA0190E-36B9-4D39-A80F-E79B4CE9C894}.Release|ARM.Build.0 = Release|Any CPU
		{ECA0190E-36B9-4D39-A80F-E79B4CE9C894}.Release|iPhone.ActiveCfg = Release|Any CPU
		{ECA0190E-36B9-4D39-A80F-E79B4CE9C894}.Release|iPhone.Build.0 = Release|Any CPU
		{ECA0190E-36B9-4D39-A80F-E79B4CE9C894}.Release|iPhoneSimulator.ActiveCfg = Release|Any CPU
		{ECA0190E-36B9-4D39-A80F-E79B4CE9C894}.Release|iPhoneSimulator.Build.0 = Release|Any CPU
		{ECA0190E-36B9-4D39-A80F-E79B4CE9C894}.Release|x64.ActiveCfg = Release|Any CPU
		{ECA0190E-36B9-4D39-A80F-E79B4CE9C894}.Release|x64.Build.0 = Release|Any CPU
		{ECA0190E-36B9-4D39-A80F-E79B4CE9C894}.Release|x86.ActiveCfg = Release|Any CPU
		{ECA0190E-36B9-4D39-A80F-E79B4CE9C894}.Release|x86.Build.0 = Release|Any CPU
		{B399DA57-48F5-49F3-982C-5873A1FBDED4}.Debug|Any CPU.ActiveCfg = Debug|x86
		{B399DA57-48F5-49F3-982C-5873A1FBDED4}.Debug|ARM.ActiveCfg = Debug|ARM
		{B399DA57-48F5-49F3-982C-5873A1FBDED4}.Debug|ARM.Build.0 = Debug|ARM
		{B399DA57-48F5-49F3-982C-5873A1FBDED4}.Debug|ARM.Deploy.0 = Debug|ARM
		{B399DA57-48F5-49F3-982C-5873A1FBDED4}.Debug|iPhone.ActiveCfg = Debug|x86
		{B399DA57-48F5-49F3-982C-5873A1FBDED4}.Debug|iPhoneSimulator.ActiveCfg = Debug|x86
		{B399DA57-48F5-49F3-982C-5873A1FBDED4}.Debug|x64.ActiveCfg = Debug|x64
		{B399DA57-48F5-49F3-982C-5873A1FBDED4}.Debug|x64.Build.0 = Debug|x64
		{B399DA57-48F5-49F3-982C-5873A1FBDED4}.Debug|x64.Deploy.0 = Debug|x64
		{B399DA57-48F5-49F3-982C-5873A1FBDED4}.Debug|x86.ActiveCfg = Debug|x86
		{B399DA57-48F5-49F3-982C-5873A1FBDED4}.Debug|x86.Build.0 = Debug|x86
		{B399DA57-48F5-49F3-982C-5873A1FBDED4}.Debug|x86.Deploy.0 = Debug|x86
		{B399DA57-48F5-49F3-982C-5873A1FBDED4}.Release|Any CPU.ActiveCfg = Release|x86
		{B399DA57-48F5-49F3-982C-5873A1FBDED4}.Release|ARM.ActiveCfg = Release|ARM
		{B399DA57-48F5-49F3-982C-5873A1FBDED4}.Release|ARM.Build.0 = Release|ARM
		{B399DA57-48F5-49F3-982C-5873A1FBDED4}.Release|ARM.Deploy.0 = Release|ARM
		{B399DA57-48F5-49F3-982C-5873A1FBDED4}.Release|iPhone.ActiveCfg = Release|x86
		{B399DA57-48F5-49F3-982C-5873A1FBDED4}.Release|iPhoneSimulator.ActiveCfg = Release|x86
		{B399DA57-48F5-49F3-982C-5873A1FBDED4}.Release|x64.ActiveCfg = Release|x64
		{B399DA57-48F5-49F3-982C-5873A1FBDED4}.Release|x64.Build.0 = Release|x64
		{B399DA57-48F5-49F3-982C-5873A1FBDED4}.Release|x64.Deploy.0 = Release|x64
		{B399DA57-48F5-49F3-982C-5873A1FBDED4}.Release|x86.ActiveCfg = Release|x86
		{B399DA57-48F5-49F3-982C-5873A1FBDED4}.Release|x86.Build.0 = Release|x86
		{B399DA57-48F5-49F3-982C-5873A1FBDED4}.Release|x86.Deploy.0 = Release|x86
	EndGlobalSection
	GlobalSection(SolutionProperties) = preSolution
		HideSolutionNode = FALSE
	EndGlobalSection
	GlobalSection(ExtensibilityGlobals) = postSolution
		SolutionGuid = {4F80A482-1B42-473E-AE37-2D9267C88D40}
	EndGlobalSection
EndGlobal
